
Microsoft Visual Studio Solution File, Format Version 12.00
# Visual Studio Version 17
VisualStudioVersion = 17.7.34221.43
MinimumVisualStudioVersion = 10.0.40219.1
Project("{FAE04EC0-301F-11D3-BF4B-00C04F79EFBC}") = "Esercizio17", "Esercizio17.csproj", "{47CD7BD7-2627-4E45-9E74-0C331BEB81B2}"
EndProject
Global
	GlobalSection(SolutionConfigurationPlatforms) = preSolution
		Debug|Any CPU = Debug|Any CPU
		Release|Any CPU = Release|Any CPU
	EndGlobalSection
	GlobalSection(ProjectConfigurationPlatforms) = postSolution
		{47CD7BD7-2627-4E45-9E74-0C331BEB81B2}.Debug|Any CPU.ActiveCfg = Debug|Any CPU
		{47CD7BD7-2627-4E45-9E74-0C331BEB81B2}.Debug|Any CPU.Build.0 = Debug|Any CPU
		{47CD7BD7-2627-4E45-9E74-0C331BEB81B2}.Release|Any CPU.ActiveCfg = Release|Any CPU
		{47CD7BD7-2627-4E45-9E74-0C331BEB81B2}.Release|Any CPU.Build.0 = Release|Any CPU
	EndGlobalSection
	GlobalSection(SolutionProperties) = preSolution
		HideSolutionNode = FALSE
	EndGlobalSection
	GlobalSection(ExtensibilityGlobals) = postSolution
		SolutionGuid = {52B9C56F-3924-40C4-88BE-0926E5CA9D6D}
	EndGlobalSection
EndGlobal
