
Microsoft Visual Studio Solution File, Format Version 12.00
# Visual Studio Version 17
VisualStudioVersion = 17.8.34316.72
MinimumVisualStudioVersion = 10.0.40219.1
Project("{FAE04EC0-301F-11D3-BF4B-00C04F79EFBC}") = "Esercizio-1", "Esercizio-1\Esercizio-1.csproj", "{CFD4E51C-2E74-48AD-ABED-C0A6E17D050C}"
EndProject
Global
	GlobalSection(SolutionConfigurationPlatforms) = preSolution
		Debug|Any CPU = Debug|Any CPU
		Release|Any CPU = Release|Any CPU
	EndGlobalSection
	GlobalSection(ProjectConfigurationPlatforms) = postSolution
		{CFD4E51C-2E74-48AD-ABED-C0A6E17D050C}.Debug|Any CPU.ActiveCfg = Debug|Any CPU
		{CFD4E51C-2E74-48AD-ABED-C0A6E17D050C}.Debug|Any CPU.Build.0 = Debug|Any CPU
		{CFD4E51C-2E74-48AD-ABED-C0A6E17D050C}.Release|Any CPU.ActiveCfg = Release|Any CPU
		{CFD4E51C-2E74-48AD-ABED-C0A6E17D050C}.Release|Any CPU.Build.0 = Release|Any CPU
	EndGlobalSection
	GlobalSection(SolutionProperties) = preSolution
		HideSolutionNode = FALSE
	EndGlobalSection
	GlobalSection(ExtensibilityGlobals) = postSolution
		SolutionGuid = {39DE04F8-7349-4154-A9E1-C2725B762065}
	EndGlobalSection
EndGlobal
