
Microsoft Visual Studio Solution File, Format Version 12.00
# Visual Studio Version 17
VisualStudioVersion = 17.7.34221.43
MinimumVisualStudioVersion = 10.0.40219.1
Project("{FAE04EC0-301F-11D3-BF4B-00C04F79EFBC}") = "Esercizio19", "Esercizio19.csproj", "{1C3F9273-67AB-474D-9D74-8C2E61254A94}"
EndProject
Global
	GlobalSection(SolutionConfigurationPlatforms) = preSolution
		Debug|Any CPU = Debug|Any CPU
		Release|Any CPU = Release|Any CPU
	EndGlobalSection
	GlobalSection(ProjectConfigurationPlatforms) = postSolution
		{1C3F9273-67AB-474D-9D74-8C2E61254A94}.Debug|Any CPU.ActiveCfg = Debug|Any CPU
		{1C3F9273-67AB-474D-9D74-8C2E61254A94}.Debug|Any CPU.Build.0 = Debug|Any CPU
		{1C3F9273-67AB-474D-9D74-8C2E61254A94}.Release|Any CPU.ActiveCfg = Release|Any CPU
		{1C3F9273-67AB-474D-9D74-8C2E61254A94}.Release|Any CPU.Build.0 = Release|Any CPU
	EndGlobalSection
	GlobalSection(SolutionProperties) = preSolution
		HideSolutionNode = FALSE
	EndGlobalSection
	GlobalSection(ExtensibilityGlobals) = postSolution
		SolutionGuid = {6A5D13E2-A317-41E4-A383-9B1543C4EBC9}
	EndGlobalSection
EndGlobal
