
Microsoft Visual Studio Solution File, Format Version 12.00
# Visual Studio Version 17
VisualStudioVersion = 17.8.34316.72
MinimumVisualStudioVersion = 10.0.40219.1
Project("{FAE04EC0-301F-11D3-BF4B-00C04F79EFBC}") = "esercizio-4", "esercizio-4\esercizio-4.csproj", "{7BD86AF9-BD6A-49C8-AE5C-04F24C810B16}"
EndProject
Global
	GlobalSection(SolutionConfigurationPlatforms) = preSolution
		Debug|Any CPU = Debug|Any CPU
		Release|Any CPU = Release|Any CPU
	EndGlobalSection
	GlobalSection(ProjectConfigurationPlatforms) = postSolution
		{7BD86AF9-BD6A-49C8-AE5C-04F24C810B16}.Debug|Any CPU.ActiveCfg = Debug|Any CPU
		{7BD86AF9-BD6A-49C8-AE5C-04F24C810B16}.Debug|Any CPU.Build.0 = Debug|Any CPU
		{7BD86AF9-BD6A-49C8-AE5C-04F24C810B16}.Release|Any CPU.ActiveCfg = Release|Any CPU
		{7BD86AF9-BD6A-49C8-AE5C-04F24C810B16}.Release|Any CPU.Build.0 = Release|Any CPU
	EndGlobalSection
	GlobalSection(SolutionProperties) = preSolution
		HideSolutionNode = FALSE
	EndGlobalSection
	GlobalSection(ExtensibilityGlobals) = postSolution
		SolutionGuid = {C60D024D-AA66-4715-AEC7-7BDBC82EF38B}
	EndGlobalSection
EndGlobal
