
Microsoft Visual Studio Solution File, Format Version 12.00
# Visual Studio Version 17
VisualStudioVersion = 17.8.34316.72
MinimumVisualStudioVersion = 10.0.40219.1
Project("{FAE04EC0-301F-11D3-BF4B-00C04F79EFBC}") = "Esercizio-3", "Esercizio-3\Esercizio-3.csproj", "{BD8A0C8D-3183-40E4-9345-7AE9E1A77C87}"
EndProject
Global
	GlobalSection(SolutionConfigurationPlatforms) = preSolution
		Debug|Any CPU = Debug|Any CPU
		Release|Any CPU = Release|Any CPU
	EndGlobalSection
	GlobalSection(ProjectConfigurationPlatforms) = postSolution
		{BD8A0C8D-3183-40E4-9345-7AE9E1A77C87}.Debug|Any CPU.ActiveCfg = Debug|Any CPU
		{BD8A0C8D-3183-40E4-9345-7AE9E1A77C87}.Debug|Any CPU.Build.0 = Debug|Any CPU
		{BD8A0C8D-3183-40E4-9345-7AE9E1A77C87}.Release|Any CPU.ActiveCfg = Release|Any CPU
		{BD8A0C8D-3183-40E4-9345-7AE9E1A77C87}.Release|Any CPU.Build.0 = Release|Any CPU
	EndGlobalSection
	GlobalSection(SolutionProperties) = preSolution
		HideSolutionNode = FALSE
	EndGlobalSection
	GlobalSection(ExtensibilityGlobals) = postSolution
		SolutionGuid = {8EF31E44-1A2A-4CEA-B3FA-1D531D08982E}
	EndGlobalSection
EndGlobal
