
Microsoft Visual Studio Solution File, Format Version 12.00
# Visual Studio Version 17
VisualStudioVersion = 17.8.34316.72
MinimumVisualStudioVersion = 10.0.40219.1
Project("{FAE04EC0-301F-11D3-BF4B-00C04F79EFBC}") = "Esercizio-3", "Esercizio-3\Esercizio-3.csproj", "{783723D7-B2BF-43B3-A9A9-752E65CA8C54}"
EndProject
Global
	GlobalSection(SolutionConfigurationPlatforms) = preSolution
		Debug|Any CPU = Debug|Any CPU
		Release|Any CPU = Release|Any CPU
	EndGlobalSection
	GlobalSection(ProjectConfigurationPlatforms) = postSolution
		{783723D7-B2BF-43B3-A9A9-752E65CA8C54}.Debug|Any CPU.ActiveCfg = Debug|Any CPU
		{783723D7-B2BF-43B3-A9A9-752E65CA8C54}.Debug|Any CPU.Build.0 = Debug|Any CPU
		{783723D7-B2BF-43B3-A9A9-752E65CA8C54}.Release|Any CPU.ActiveCfg = Release|Any CPU
		{783723D7-B2BF-43B3-A9A9-752E65CA8C54}.Release|Any CPU.Build.0 = Release|Any CPU
	EndGlobalSection
	GlobalSection(SolutionProperties) = preSolution
		HideSolutionNode = FALSE
	EndGlobalSection
	GlobalSection(ExtensibilityGlobals) = postSolution
		SolutionGuid = {EAF3A2A3-0A1A-4946-8BA9-6332D310B4D0}
	EndGlobalSection
EndGlobal
