
Microsoft Visual Studio Solution File, Format Version 12.00
# Visual Studio Version 17
VisualStudioVersion = 17.7.34221.43
MinimumVisualStudioVersion = 10.0.40219.1
Project("{FAE04EC0-301F-11D3-BF4B-00C04F79EFBC}") = "Esercizio9", "Esercizio9.csproj", "{1BF15DE9-2F91-4F1B-862A-E589FE2AB964}"
EndProject
Global
	GlobalSection(SolutionConfigurationPlatforms) = preSolution
		Debug|Any CPU = Debug|Any CPU
		Release|Any CPU = Release|Any CPU
	EndGlobalSection
	GlobalSection(ProjectConfigurationPlatforms) = postSolution
		{1BF15DE9-2F91-4F1B-862A-E589FE2AB964}.Debug|Any CPU.ActiveCfg = Debug|Any CPU
		{1BF15DE9-2F91-4F1B-862A-E589FE2AB964}.Debug|Any CPU.Build.0 = Debug|Any CPU
		{1BF15DE9-2F91-4F1B-862A-E589FE2AB964}.Release|Any CPU.ActiveCfg = Release|Any CPU
		{1BF15DE9-2F91-4F1B-862A-E589FE2AB964}.Release|Any CPU.Build.0 = Release|Any CPU
	EndGlobalSection
	GlobalSection(SolutionProperties) = preSolution
		HideSolutionNode = FALSE
	EndGlobalSection
	GlobalSection(ExtensibilityGlobals) = postSolution
		SolutionGuid = {46C05625-ACDD-4332-B09A-E4BBDDD59D63}
	EndGlobalSection
EndGlobal
